
Microsoft Visual Studio Solution File, Format Version 12.00
# Visual Studio Version 17
VisualStudioVersion = 17.9.34701.34
MinimumVisualStudioVersion = 10.0.40219.1
Project("{9A19103F-16F7-4668-BE54-9A1E7A4F7556}") = "ThingsWithoutSingleton", "ThingsWithoutSingleton\ThingsWithoutSingleton.csproj", "{D26DA6E3-692B-42A4-A10C-11556F95C578}"
EndProject
Project("{9A19103F-16F7-4668-BE54-9A1E7A4F7556}") = "ThingsWithSingleton", "ThingsWithSingleton\ThingsWithSingleton.csproj", "{511019DC-5C1B-4CDE-A142-404DB825B854}"
EndProject
Project("{9A19103F-16F7-4668-BE54-9A1E7A4F7556}") = "WhySingletonIsSealed", "WhySingletonIsSealed\WhySingletonIsSealed.csproj", "{D6B23AC2-DD8F-42BF-B731-FB3817E201EF}"
EndProject
Project("{FAE04EC0-301F-11D3-BF4B-00C04F79EFBC}") = "SingletonAndThread", "SingletonAndThread\SingletonAndThread.csproj", "{73528E45-1BC5-4A27-800B-1FF3E3A10237}"
EndProject
Project("{2150E333-8FDC-42A3-9474-1A3956D46DE8}") = "Singleton", "Singleton", "{FB2C6DBC-C36E-4C78-B406-3C2BCAB6920F}"
EndProject
Project("{FAE04EC0-301F-11D3-BF4B-00C04F79EFBC}") = "SingletonWithEagerLoadingAndLazyLoading", "SingletonWithEagerLoadingAndLazyLoading\SingletonWithEagerLoadingAndLazyLoading.csproj", "{5093742F-90F1-4A99-95DC-F02B0E757C76}"
EndProject
Project("{FAE04EC0-301F-11D3-BF4B-00C04F79EFBC}") = "Static vs Singleton", "Static vs Singleton\Static vs Singleton.csproj", "{74011AF5-3392-4B82-BB42-984F520D3C9C}"
EndProject
Project("{FAE04EC0-301F-11D3-BF4B-00C04F79EFBC}") = "LoggerUsingSingleton", "LoggerUsingSingleton\LoggerUsingSingleton.csproj", "{D49F9B8A-90DC-4604-B0BF-913EC24A79DD}"
EndProject
Global
	GlobalSection(SolutionConfigurationPlatforms) = preSolution
		Debug|Any CPU = Debug|Any CPU
		Release|Any CPU = Release|Any CPU
	EndGlobalSection
	GlobalSection(ProjectConfigurationPlatforms) = postSolution
		{D26DA6E3-692B-42A4-A10C-11556F95C578}.Debug|Any CPU.ActiveCfg = Debug|Any CPU
		{D26DA6E3-692B-42A4-A10C-11556F95C578}.Debug|Any CPU.Build.0 = Debug|Any CPU
		{D26DA6E3-692B-42A4-A10C-11556F95C578}.Release|Any CPU.ActiveCfg = Release|Any CPU
		{D26DA6E3-692B-42A4-A10C-11556F95C578}.Release|Any CPU.Build.0 = Release|Any CPU
		{511019DC-5C1B-4CDE-A142-404DB825B854}.Debug|Any CPU.ActiveCfg = Debug|Any CPU
		{511019DC-5C1B-4CDE-A142-404DB825B854}.Debug|Any CPU.Build.0 = Debug|Any CPU
		{511019DC-5C1B-4CDE-A142-404DB825B854}.Release|Any CPU.ActiveCfg = Release|Any CPU
		{511019DC-5C1B-4CDE-A142-404DB825B854}.Release|Any CPU.Build.0 = Release|Any CPU
		{D6B23AC2-DD8F-42BF-B731-FB3817E201EF}.Debug|Any CPU.ActiveCfg = Debug|Any CPU
		{D6B23AC2-DD8F-42BF-B731-FB3817E201EF}.Debug|Any CPU.Build.0 = Debug|Any CPU
		{D6B23AC2-DD8F-42BF-B731-FB3817E201EF}.Release|Any CPU.ActiveCfg = Release|Any CPU
		{D6B23AC2-DD8F-42BF-B731-FB3817E201EF}.Release|Any CPU.Build.0 = Release|Any CPU
		{73528E45-1BC5-4A27-800B-1FF3E3A10237}.Debug|Any CPU.ActiveCfg = Debug|Any CPU
		{73528E45-1BC5-4A27-800B-1FF3E3A10237}.Debug|Any CPU.Build.0 = Debug|Any CPU
		{73528E45-1BC5-4A27-800B-1FF3E3A10237}.Release|Any CPU.ActiveCfg = Release|Any CPU
		{73528E45-1BC5-4A27-800B-1FF3E3A10237}.Release|Any CPU.Build.0 = Release|Any CPU
		{5093742F-90F1-4A99-95DC-F02B0E757C76}.Debug|Any CPU.ActiveCfg = Debug|Any CPU
		{5093742F-90F1-4A99-95DC-F02B0E757C76}.Debug|Any CPU.Build.0 = Debug|Any CPU
		{5093742F-90F1-4A99-95DC-F02B0E757C76}.Release|Any CPU.ActiveCfg = Release|Any CPU
		{5093742F-90F1-4A99-95DC-F02B0E757C76}.Release|Any CPU.Build.0 = Release|Any CPU
		{74011AF5-3392-4B82-BB42-984F520D3C9C}.Debug|Any CPU.ActiveCfg = Debug|Any CPU
		{74011AF5-3392-4B82-BB42-984F520D3C9C}.Debug|Any CPU.Build.0 = Debug|Any CPU
		{74011AF5-3392-4B82-BB42-984F520D3C9C}.Release|Any CPU.ActiveCfg = Release|Any CPU
		{74011AF5-3392-4B82-BB42-984F520D3C9C}.Release|Any CPU.Build.0 = Release|Any CPU
		{D49F9B8A-90DC-4604-B0BF-913EC24A79DD}.Debug|Any CPU.ActiveCfg = Debug|Any CPU
		{D49F9B8A-90DC-4604-B0BF-913EC24A79DD}.Debug|Any CPU.Build.0 = Debug|Any CPU
		{D49F9B8A-90DC-4604-B0BF-913EC24A79DD}.Release|Any CPU.ActiveCfg = Release|Any CPU
		{D49F9B8A-90DC-4604-B0BF-913EC24A79DD}.Release|Any CPU.Build.0 = Release|Any CPU
	EndGlobalSection
	GlobalSection(SolutionProperties) = preSolution
		HideSolutionNode = FALSE
	EndGlobalSection
	GlobalSection(NestedProjects) = preSolution
		{D26DA6E3-692B-42A4-A10C-11556F95C578} = {FB2C6DBC-C36E-4C78-B406-3C2BCAB6920F}
		{511019DC-5C1B-4CDE-A142-404DB825B854} = {FB2C6DBC-C36E-4C78-B406-3C2BCAB6920F}
		{D6B23AC2-DD8F-42BF-B731-FB3817E201EF} = {FB2C6DBC-C36E-4C78-B406-3C2BCAB6920F}
		{73528E45-1BC5-4A27-800B-1FF3E3A10237} = {FB2C6DBC-C36E-4C78-B406-3C2BCAB6920F}
		{5093742F-90F1-4A99-95DC-F02B0E757C76} = {FB2C6DBC-C36E-4C78-B406-3C2BCAB6920F}
		{74011AF5-3392-4B82-BB42-984F520D3C9C} = {FB2C6DBC-C36E-4C78-B406-3C2BCAB6920F}
		{D49F9B8A-90DC-4604-B0BF-913EC24A79DD} = {FB2C6DBC-C36E-4C78-B406-3C2BCAB6920F}
	EndGlobalSection
	GlobalSection(ExtensibilityGlobals) = postSolution
		SolutionGuid = {60019288-20D0-4CC3-99FB-F121DDBA13CE}
	EndGlobalSection
EndGlobal
